{
  "nodes": {
    "flake-parts": {
      "inputs": {
        "nixpkgs-lib": [
          "nixpkgs"
        ]
      },
      "locked": {
        "lastModified": 1717285511,
        "narHash": "sha256-iKzJcpdXih14qYVcZ9QC9XuZYnPc6T8YImb6dX166kw=",
        "owner": "hercules-ci",
        "repo": "flake-parts",
        "rev": "2a55567fcf15b1b1c7ed712a2c6fadaec7412ea8",
        "type": "github"
      },
      "original": {
        "owner": "hercules-ci",
        "repo": "flake-parts",
        "type": "github"
      }
    },
    "hpp-centroidal-dynamics": {
      "inputs": {
        "flake-parts": [
          "flake-parts"
        ],
        "nixpkgs": [
          "nixpkgs"
        ]
      },
      "locked": {
        "lastModified": 1719580311,
        "narHash": "sha256-t4xi0DRyB2IXNenwRaibKN0VRqpKgCcOqNhg0utTeqc=",
        "owner": "humanoid-path-planner",
        "repo": "hpp-centroidal-dynamics",
        "rev": "f544bb342f55964b3c35eff32be78eb9ac2aebd1",
        "type": "github"
      },
      "original": {
        "owner": "humanoid-path-planner",
        "ref": "release/5.1.0",
        "repo": "hpp-centroidal-dynamics",
        "type": "github"
      }
    },
    "ndcurves": {
      "inputs": {
        "flake-parts": [
          "flake-parts"
        ],
        "nixpkgs": [
          "nixpkgs"
        ]
      },
      "locked": {
        "lastModified": 1719583351,
        "narHash": "sha256-N0XZQGm4uNArzPHbSl9bBM0kTwi7cCDOzPCM3lJ98Gk=",
        "owner": "loco-3d",
        "repo": "ndcurves",
        "rev": "e84762286a356e185f38c9846ee8a9c4c49be43b",
        "type": "github"
      },
      "original": {
        "owner": "loco-3d",
        "ref": "release/1.5.0",
        "repo": "ndcurves",
        "type": "github"
      }
    },
    "nixpkgs": {
      "locked": {
        "lastModified": 1719575122,
        "narHash": "sha256-1x3SNH6GtWgpHmhxO4pCz6nidxjCAheF0FpSXSjqRrg=",
        "owner": "nim65s",
        "repo": "nixpkgs",
        "rev": "5206f72d0fadec6f15e6130a86c0695ceb5ec92d",
        "type": "github"
      },
      "original": {
        "owner": "nim65s",
        "ref": "gepetto",
        "repo": "nixpkgs",
        "type": "github"
      }
    },
    "root": {
      "inputs": {
        "flake-parts": "flake-parts",
        "hpp-centroidal-dynamics": "hpp-centroidal-dynamics",
        "ndcurves": "ndcurves",
        "nixpkgs": "nixpkgs"
      }
    }
  },
  "root": "root",
  "version": 7
}
