{
  "nodes": {
    "flake-parts": {
      "inputs": {
        "nixpkgs-lib": [
          "nixpkgs"
        ]
      },
      "locked": {
        "lastModified": 1719877454,
        "narHash": "sha256-g5N1yyOSsPNiOlFfkuI/wcUjmtah+nxdImJqrSATjOU=",
        "owner": "hercules-ci",
        "repo": "flake-parts",
        "rev": "4e3583423212f9303aa1a6337f8dffb415920e4f",
        "type": "github"
      },
      "original": {
        "owner": "hercules-ci",
        "repo": "flake-parts",
        "type": "github"
      }
    },
    "hpp-centroidal-dynamics": {
      "inputs": {
        "flake-parts": [
          "flake-parts"
        ],
        "nixpkgs": [
          "nixpkgs"
        ]
      },
      "locked": {
        "lastModified": 1719769266,
        "narHash": "sha256-z5JfncCDNHYhpGZ+CDiq/o/1g7bGbfiBrcEx0aIoD6w=",
        "owner": "humanoid-path-planner",
        "repo": "hpp-centroidal-dynamics",
        "rev": "f4622a437cf7a596897f38d61e5477a7b6387877",
        "type": "github"
      },
      "original": {
        "owner": "humanoid-path-planner",
        "repo": "hpp-centroidal-dynamics",
        "type": "github"
      }
    },
    "ndcurves": {
      "inputs": {
        "flake-parts": [
          "flake-parts"
        ],
        "nixpkgs": [
          "nixpkgs"
        ]
      },
      "locked": {
        "lastModified": 1719583351,
        "narHash": "sha256-N0XZQGm4uNArzPHbSl9bBM0kTwi7cCDOzPCM3lJ98Gk=",
        "owner": "loco-3d",
        "repo": "ndcurves",
        "rev": "e84762286a356e185f38c9846ee8a9c4c49be43b",
        "type": "github"
      },
      "original": {
        "owner": "loco-3d",
        "ref": "release/1.5.0",
        "repo": "ndcurves",
        "type": "github"
      }
    },
    "nixpkgs": {
      "locked": {
        "lastModified": 1719674427,
        "narHash": "sha256-z2hCpVyfnmYTA5iabf1SW4peFV9itE1JJcXNBKIFkDg=",
        "owner": "nim65s",
        "repo": "nixpkgs",
        "rev": "b81610d293fac26c2ec6a81718a979bc25f8c155",
        "type": "github"
      },
      "original": {
        "owner": "nim65s",
        "ref": "gepetto",
        "repo": "nixpkgs",
        "type": "github"
      }
    },
    "root": {
      "inputs": {
        "flake-parts": "flake-parts",
        "hpp-centroidal-dynamics": "hpp-centroidal-dynamics",
        "ndcurves": "ndcurves",
        "nixpkgs": "nixpkgs"
      }
    }
  },
  "root": "root",
  "version": 7
}
